<Solution>
  <Folder Name="/src/">
    <Project Path="src/Ecad.App/Ecad.App.csproj" />
    <Project Path="src/Ecad.Editor/Ecad.Editor.csproj" />
    <Project Path="src/Ecad.Geometry/Ecad.Geometry.csproj" />
    <Project Path="src/Ecad.KiCad/Ecad.KiCad.csproj" />
    <Project Path="src/Ecad.Rendering.OpenGL/Ecad.Rendering.OpenGL.csproj" />
    <Project Path="src/Ecad.Rendering.Skia/Ecad.Rendering.Skia.csproj" />
    <Project Path="src/Ecad.Rendering/Ecad.Rendering.csproj" />
    <Project Path="src/Ecad.Sexpr/Ecad.Sexpr.csproj" />
  </Folder>
  <Folder Name="/tests/">
    <Project Path="tests/Ecad.Editor.Tests/Ecad.Editor.Tests.csproj" />
    <Project Path="tests/Ecad.Geometry.Tests/Ecad.Geometry.Tests.csproj" />
    <Project Path="tests/Ecad.KiCad.Tests/Ecad.KiCad.Tests.csproj" />
    <Project Path="tests/Ecad.Rendering.OpenGL.Tests/Ecad.Rendering.OpenGL.Tests.csproj" />
    <Project Path="tests/Ecad.Rendering.Skia.Tests/Ecad.Rendering.Skia.Tests.csproj" />
    <Project Path="tests/Ecad.Rendering.Tests/Ecad.Rendering.Tests.csproj" />
    <Project Path="tests/Ecad.Sexpr.Tests/Ecad.Sexpr.Tests.csproj" />
  </Folder>
</Solution>
